
Microsoft Visual Studio Solution File, Format Version 12.00
# Visual Studio 2012
Project("{FAE04EC0-301F-11D3-BF4B-00C04F79EFBC}") = "smxdasm", "smxdasm\smxdasm.csproj", "{224AB47D-1FCE-4BFC-A69D-2E007C7AEC55}"
EndProject
Project("{FAE04EC0-301F-11D3-BF4B-00C04F79EFBC}") = "smxviewer", "smxviewer\smxviewer.csproj", "{FC62AD4A-BE14-4C97-A2A2-35E65A5B05A6}"
EndProject
Global
	GlobalSection(SolutionConfigurationPlatforms) = preSolution
		Debug|Any CPU = Debug|Any CPU
		Release|Any CPU = Release|Any CPU
	EndGlobalSection
	GlobalSection(ProjectConfigurationPlatforms) = postSolution
		{224AB47D-1FCE-4BFC-A69D-2E007C7AEC55}.Debug|Any CPU.ActiveCfg = Debug|Any CPU
		{224AB47D-1FCE-4BFC-A69D-2E007C7AEC55}.Debug|Any CPU.Build.0 = Debug|Any CPU
		{224AB47D-1FCE-4BFC-A69D-2E007C7AEC55}.Release|Any CPU.ActiveCfg = Release|Any CPU
		{224AB47D-1FCE-4BFC-A69D-2E007C7AEC55}.Release|Any CPU.Build.0 = Release|Any CPU
		{FC62AD4A-BE14-4C97-A2A2-35E65A5B05A6}.Debug|Any CPU.ActiveCfg = Debug|Any CPU
		{FC62AD4A-BE14-4C97-A2A2-35E65A5B05A6}.Debug|Any CPU.Build.0 = Debug|Any CPU
		{FC62AD4A-BE14-4C97-A2A2-35E65A5B05A6}.Release|Any CPU.ActiveCfg = Release|Any CPU
		{FC62AD4A-BE14-4C97-A2A2-35E65A5B05A6}.Release|Any CPU.Build.0 = Release|Any CPU
	EndGlobalSection
	GlobalSection(SolutionProperties) = preSolution
		HideSolutionNode = FALSE
	EndGlobalSection
EndGlobal
